// !$*UTF8*$!
{
	archiveVersion = 1;
	classes = {
	};
	objectVersion = 51;
	objects = {

/* Begin PBXBuildFile section */
		4236970F2606A628002E3FF9 /* GoogleService-Info.plist in Resources */ = {isa = PBXBuildFile; fileRef = 4236970E2606A628002E3FF9 /* GoogleService-Info.plist */; };
		42732E4226129F9200AC4463 /* LocationIcon.png in Resources */ = {isa = PBXBuildFile; fileRef = 42732E3E26129F9200AC4463 /* LocationIcon.png */; };
		42732E4326129F9200AC4463 /* CreativeReuseImg.jpg in Resources */ = {isa = PBXBuildFile; fileRef = 42732E3F26129F9200AC4463 /* CreativeReuseImg.jpg */; };
		42732E4426129F9200AC4463 /* HowToRecycleImg.jpg in Resources */ = {isa = PBXBuildFile; fileRef = 42732E4026129F9200AC4463 /* HowToRecycleImg.jpg */; };
		42732E4526129F9300AC4463 /* RecycleDropOffImg.png in Resources */ = {isa = PBXBuildFile; fileRef = 42732E4126129F9200AC4463 /* RecycleDropOffImg.png */; };
		4282887925FABDD700E633D9 /* AppDelegate.swift in Sources */ = {isa = PBXBuildFile; fileRef = 4282887825FABDD700E633D9 /* AppDelegate.swift */; };
		4282887B25FABDD700E633D9 /* SceneDelegate.swift in Sources */ = {isa = PBXBuildFile; fileRef = 4282887A25FABDD700E633D9 /* SceneDelegate.swift */; };
		4282887D25FABDD700E633D9 /* TabbedAppViewController.swift in Sources */ = {isa = PBXBuildFile; fileRef = 4282887C25FABDD700E633D9 /* TabbedAppViewController.swift */; };
		4282888025FABDD700E633D9 /* TabbedApp.storyboard in Resources */ = {isa = PBXBuildFile; fileRef = 4282887E25FABDD700E633D9 /* TabbedApp.storyboard */; };
		4282888325FABDD700E633D9 /* Will_It_Recycle.xcdatamodeld in Sources */ = {isa = PBXBuildFile; fileRef = 4282888125FABDD700E633D9 /* Will_It_Recycle.xcdatamodeld */; };
		4282888525FABDD800E633D9 /* Assets.xcassets in Resources */ = {isa = PBXBuildFile; fileRef = 4282888425FABDD800E633D9 /* Assets.xcassets */; };
		4282888825FABDD800E633D9 /* LaunchScreen.storyboard in Resources */ = {isa = PBXBuildFile; fileRef = 4282888625FABDD800E633D9 /* LaunchScreen.storyboard */; };
		4282889125FAC0BD00E633D9 /* Main.storyboard in Resources */ = {isa = PBXBuildFile; fileRef = 4282889025FAC0BD00E633D9 /* Main.storyboard */; };
		4282889625FAC1C700E633D9 /* Recycle.storyboard in Resources */ = {isa = PBXBuildFile; fileRef = 4282889525FAC1C700E633D9 /* Recycle.storyboard */; };
		4282889925FAC1DB00E633D9 /* Welcome.storyboard in Resources */ = {isa = PBXBuildFile; fileRef = 4282889825FAC1DB00E633D9 /* Welcome.storyboard */; };
		4282889C25FAC1F000E633D9 /* Game.storyboard in Resources */ = {isa = PBXBuildFile; fileRef = 4282889B25FAC1F000E633D9 /* Game.storyboard */; };
		4282889F25FAC20C00E633D9 /* Local.storyboard in Resources */ = {isa = PBXBuildFile; fileRef = 4282889E25FAC20C00E633D9 /* Local.storyboard */; };
		42AA5BED26053A3100BA02AE /* Vector.png in Resources */ = {isa = PBXBuildFile; fileRef = 42AA5BEC26053A3100BA02AE /* Vector.png */; };
		42DB208F2604287200CFBDAF /* LoginViewController.swift in Sources */ = {isa = PBXBuildFile; fileRef = 42DB208E2604287200CFBDAF /* LoginViewController.swift */; };
		6D20D36C262A761F000B17F7 /* 1024px-Kawaii_earth_clipart.svg.png in Resources */ = {isa = PBXBuildFile; fileRef = 6D20D36B262A761F000B17F7 /* 1024px-Kawaii_earth_clipart.svg.png */; };
		6D297F18260AE6450037DC52 /* WelcomeViewController.swift in Sources */ = {isa = PBXBuildFile; fileRef = 6D297F17260AE6450037DC52 /* WelcomeViewController.swift */; };
		6D297F1B260AE6550037DC52 /* SettingsViewController.swift in Sources */ = {isa = PBXBuildFile; fileRef = 6D297F1A260AE6550037DC52 /* SettingsViewController.swift */; };
		6D42F03F260E54230016446B /* DashboardViewController.swift in Sources */ = {isa = PBXBuildFile; fileRef = 6D42F03E260E54230016446B /* DashboardViewController.swift */; };
		6D4E7F662611231700870213 /* Dashboard.storyboard in Resources */ = {isa = PBXBuildFile; fileRef = 6D4E7F652611231700870213 /* Dashboard.storyboard */; };
		6D8B75E2260E279000876EA8 /* Frog.png in Resources */ = {isa = PBXBuildFile; fileRef = 6D8B75E1260E278F00876EA8 /* Frog.png */; };
		6D8B75E8260E27BC00876EA8 /* Hippo.png in Resources */ = {isa = PBXBuildFile; fileRef = 6D8B75E7260E27BC00876EA8 /* Hippo.png */; };
		6D8B75EB260E27C200876EA8 /* Dragon.png in Resources */ = {isa = PBXBuildFile; fileRef = 6D8B75EA260E27C200876EA8 /* Dragon.png */; };
		6D8B75EE260E27D200876EA8 /* Dog.png in Resources */ = {isa = PBXBuildFile; fileRef = 6D8B75ED260E27D200876EA8 /* Dog.png */; };
		6D8B75F1260E27E200876EA8 /* Ellipse 1.png in Resources */ = {isa = PBXBuildFile; fileRef = 6D8B75F0260E27E200876EA8 /* Ellipse 1.png */; };
		6D8B75F4260E27F700876EA8 /* Cat.png in Resources */ = {isa = PBXBuildFile; fileRef = 6D8B75F3260E27F700876EA8 /* Cat.png */; };
		6D8B75F7260E280500876EA8 /* Fish.png in Resources */ = {isa = PBXBuildFile; fileRef = 6D8B75F6260E280500876EA8 /* Fish.png */; };
		6D8B75FA260E281100876EA8 /* Bird.png in Resources */ = {isa = PBXBuildFile; fileRef = 6D8B75F9260E281100876EA8 /* Bird.png */; };
		6D8DE56E260BF37400C2DD2A /* Settings.storyboard in Resources */ = {isa = PBXBuildFile; fileRef = 6D8DE56D260BF37400C2DD2A /* Settings.storyboard */; };
		6DAA8B4F2623FB9300B55C88 /* Unknown.png in Resources */ = {isa = PBXBuildFile; fileRef = 6DAA8B4E2623FB9300B55C88 /* Unknown.png */; };
		6DAA8B522623FDA500B55C88 /* images.jpeg in Resources */ = {isa = PBXBuildFile; fileRef = 6DAA8B512623FDA400B55C88 /* images.jpeg */; };
		6DAA8B552623FE0000B55C88 /* images-2.jpeg in Resources */ = {isa = PBXBuildFile; fileRef = 6DAA8B542623FE0000B55C88 /* images-2.jpeg */; };
		6DAA8B582623FE2F00B55C88 /* images-3.jpeg in Resources */ = {isa = PBXBuildFile; fileRef = 6DAA8B572623FE2F00B55C88 /* images-3.jpeg */; };
		6DDAD2B326312BF000BCB8AB /* BiaKkx54T.png in Resources */ = {isa = PBXBuildFile; fileRef = 6DDAD2B226312BF000BCB8AB /* BiaKkx54T.png */; };
		8188043EA3113E27FDA1AE1E /* Pods_Will_It_Recycle.framework in Frameworks */ = {isa = PBXBuildFile; fileRef = 53FAD6D3C69A519F7E4CE289 /* Pods_Will_It_Recycle.framework */; };
		8662A2F92610F44200A45EA2 /* LocalViewController.swift in Sources */ = {isa = PBXBuildFile; fileRef = 8662A2F82610F44200A45EA2 /* LocalViewController.swift */; };
		8662A2FC2610F47100A45EA2 /* RecycleHistoryViewController.swift in Sources */ = {isa = PBXBuildFile; fileRef = 8662A2FB2610F47100A45EA2 /* RecycleHistoryViewController.swift */; };
		866703D12620FD0E00D1DD24 /* PlacementGridViewController.swift in Sources */ = {isa = PBXBuildFile; fileRef = 866703D02620FD0E00D1DD24 /* PlacementGridViewController.swift */; };
		86B5058A2613E17D005513CD /* RecycleHistoryTableViewCell.swift in Sources */ = {isa = PBXBuildFile; fileRef = 86B505892613E17D005513CD /* RecycleHistoryTableViewCell.swift */; };
		86BB7A9526350D3B002679F1 /* RemoveItemViewController.swift in Sources */ = {isa = PBXBuildFile; fileRef = 86BB7A9426350D3B002679F1 /* RemoveItemViewController.swift */; };
		86EF1D8F260E44BE004D0BA9 /* Horse.png in Resources */ = {isa = PBXBuildFile; fileRef = 86EF1D8E260E44BE004D0BA9 /* Horse.png */; };
		C921224F2612B51D00F400B3 /* GameViewController.swift in Sources */ = {isa = PBXBuildFile; fileRef = C921224A2612B51C00F400B3 /* GameViewController.swift */; };
		C92122502612B51D00F400B3 /* InventoryViewController.swift in Sources */ = {isa = PBXBuildFile; fileRef = C921224B2612B51C00F400B3 /* InventoryViewController.swift */; };
		C92122512612B51D00F400B3 /* ManualEntryViewController.swift in Sources */ = {isa = PBXBuildFile; fileRef = C921224C2612B51C00F400B3 /* ManualEntryViewController.swift */; };
		C92122532612B51D00F400B3 /* StoreViewController.swift in Sources */ = {isa = PBXBuildFile; fileRef = C921224E2612B51D00F400B3 /* StoreViewController.swift */; };
		C92122602612E0F200F400B3 /* StoreTableViewCell.swift in Sources */ = {isa = PBXBuildFile; fileRef = C921225F2612E0F200F400B3 /* StoreTableViewCell.swift */; };
		C92122632613703D00F400B3 /* InventoryTableViewCell.swift in Sources */ = {isa = PBXBuildFile; fileRef = C92122622613703D00F400B3 /* InventoryTableViewCell.swift */; };
		C9E7CF0A261E8C44002F389B /* Inventory.storyboard in Resources */ = {isa = PBXBuildFile; fileRef = C9E7CF09261E8C44002F389B /* Inventory.storyboard */; };
		C9E7CF0D261E8C7B002F389B /* Store.storyboard in Resources */ = {isa = PBXBuildFile; fileRef = C9E7CF0C261E8C7B002F389B /* Store.storyboard */; };
/* End PBXBuildFile section */

/* Begin PBXFileReference section */
		4236970E2606A628002E3FF9 /* GoogleService-Info.plist */ = {isa = PBXFileReference; lastKnownFileType = text.plist; path = "GoogleService-Info.plist"; sourceTree = SOURCE_ROOT; };
		42732E3E26129F9200AC4463 /* LocationIcon.png */ = {isa = PBXFileReference; lastKnownFileType = image.png; path = LocationIcon.png; sourceTree = "<group>"; };
		42732E3F26129F9200AC4463 /* CreativeReuseImg.jpg */ = {isa = PBXFileReference; lastKnownFileType = image.jpeg; path = CreativeReuseImg.jpg; sourceTree = "<group>"; };
		42732E4026129F9200AC4463 /* HowToRecycleImg.jpg */ = {isa = PBXFileReference; lastKnownFileType = image.jpeg; path = HowToRecycleImg.jpg; sourceTree = "<group>"; };
		42732E4126129F9200AC4463 /* RecycleDropOffImg.png */ = {isa = PBXFileReference; lastKnownFileType = image.png; path = RecycleDropOffImg.png; sourceTree = "<group>"; };
		4282887525FABDD700E633D9 /* Will-It-Recycle.app */ = {isa = PBXFileReference; explicitFileType = wrapper.application; includeInIndex = 0; path = "Will-It-Recycle.app"; sourceTree = BUILT_PRODUCTS_DIR; };
		4282887825FABDD700E633D9 /* AppDelegate.swift */ = {isa = PBXFileReference; lastKnownFileType = sourcecode.swift; path = AppDelegate.swift; sourceTree = "<group>"; };
		4282887A25FABDD700E633D9 /* SceneDelegate.swift */ = {isa = PBXFileReference; lastKnownFileType = sourcecode.swift; path = SceneDelegate.swift; sourceTree = "<group>"; };
		4282887C25FABDD700E633D9 /* TabbedAppViewController.swift */ = {isa = PBXFileReference; lastKnownFileType = sourcecode.swift; path = TabbedAppViewController.swift; sourceTree = "<group>"; };
		4282887F25FABDD700E633D9 /* Base */ = {isa = PBXFileReference; lastKnownFileType = file.storyboard; name = Base; path = Base.lproj/TabbedApp.storyboard; sourceTree = "<group>"; };
		4282888225FABDD700E633D9 /* Will_It_Recycle.xcdatamodel */ = {isa = PBXFileReference; lastKnownFileType = wrapper.xcdatamodel; path = Will_It_Recycle.xcdatamodel; sourceTree = "<group>"; };
		4282888425FABDD800E633D9 /* Assets.xcassets */ = {isa = PBXFileReference; lastKnownFileType = folder.assetcatalog; path = Assets.xcassets; sourceTree = "<group>"; };
		4282888725FABDD800E633D9 /* Base */ = {isa = PBXFileReference; lastKnownFileType = file.storyboard; name = Base; path = Base.lproj/LaunchScreen.storyboard; sourceTree = "<group>"; };
		4282888925FABDD800E633D9 /* Info.plist */ = {isa = PBXFileReference; lastKnownFileType = text.plist.xml; path = Info.plist; sourceTree = "<group>"; };
		4282889025FAC0BD00E633D9 /* Main.storyboard */ = {isa = PBXFileReference; lastKnownFileType = file.storyboard; path = Main.storyboard; sourceTree = "<group>"; };
		4282889525FAC1C700E633D9 /* Recycle.storyboard */ = {isa = PBXFileReference; lastKnownFileType = file.storyboard; path = Recycle.storyboard; sourceTree = "<group>"; };
		4282889825FAC1DB00E633D9 /* Welcome.storyboard */ = {isa = PBXFileReference; lastKnownFileType = file.storyboard; path = Welcome.storyboard; sourceTree = "<group>"; };
		4282889B25FAC1F000E633D9 /* Game.storyboard */ = {isa = PBXFileReference; lastKnownFileType = file.storyboard; path = Game.storyboard; sourceTree = "<group>"; };
		4282889E25FAC20C00E633D9 /* Local.storyboard */ = {isa = PBXFileReference; lastKnownFileType = file.storyboard; path = Local.storyboard; sourceTree = "<group>"; };
		42AA5BEC26053A3100BA02AE /* Vector.png */ = {isa = PBXFileReference; lastKnownFileType = image.png; path = Vector.png; sourceTree = "<group>"; };
		42DB208E2604287200CFBDAF /* LoginViewController.swift */ = {isa = PBXFileReference; lastKnownFileType = sourcecode.swift; path = LoginViewController.swift; sourceTree = "<group>"; };
		53FAD6D3C69A519F7E4CE289 /* Pods_Will_It_Recycle.framework */ = {isa = PBXFileReference; explicitFileType = wrapper.framework; includeInIndex = 0; path = Pods_Will_It_Recycle.framework; sourceTree = BUILT_PRODUCTS_DIR; };
		68C8AF049FB5F205B15DA2F0 /* Pods-Will-It-Recycle.release.xcconfig */ = {isa = PBXFileReference; includeInIndex = 1; lastKnownFileType = text.xcconfig; name = "Pods-Will-It-Recycle.release.xcconfig"; path = "Target Support Files/Pods-Will-It-Recycle/Pods-Will-It-Recycle.release.xcconfig"; sourceTree = "<group>"; };
		6D20D36B262A761F000B17F7 /* 1024px-Kawaii_earth_clipart.svg.png */ = {isa = PBXFileReference; lastKnownFileType = image.png; path = "1024px-Kawaii_earth_clipart.svg.png"; sourceTree = "<group>"; };
		6D297F17260AE6450037DC52 /* WelcomeViewController.swift */ = {isa = PBXFileReference; lastKnownFileType = sourcecode.swift; path = WelcomeViewController.swift; sourceTree = "<group>"; };
		6D297F1A260AE6550037DC52 /* SettingsViewController.swift */ = {isa = PBXFileReference; lastKnownFileType = sourcecode.swift; path = SettingsViewController.swift; sourceTree = "<group>"; };
		6D42F03E260E54230016446B /* DashboardViewController.swift */ = {isa = PBXFileReference; lastKnownFileType = sourcecode.swift; path = DashboardViewController.swift; sourceTree = "<group>"; };
		6D4E7F652611231700870213 /* Dashboard.storyboard */ = {isa = PBXFileReference; lastKnownFileType = file.storyboard; path = Dashboard.storyboard; sourceTree = "<group>"; };
		6D8B75E1260E278F00876EA8 /* Frog.png */ = {isa = PBXFileReference; lastKnownFileType = image.png; path = Frog.png; sourceTree = "<group>"; };
		6D8B75E7260E27BC00876EA8 /* Hippo.png */ = {isa = PBXFileReference; lastKnownFileType = image.png; path = Hippo.png; sourceTree = "<group>"; };
		6D8B75EA260E27C200876EA8 /* Dragon.png */ = {isa = PBXFileReference; lastKnownFileType = image.png; path = Dragon.png; sourceTree = "<group>"; };
		6D8B75ED260E27D200876EA8 /* Dog.png */ = {isa = PBXFileReference; lastKnownFileType = image.png; path = Dog.png; sourceTree = "<group>"; };
		6D8B75F0260E27E200876EA8 /* Ellipse 1.png */ = {isa = PBXFileReference; lastKnownFileType = image.png; path = "Ellipse 1.png"; sourceTree = "<group>"; };
		6D8B75F3260E27F700876EA8 /* Cat.png */ = {isa = PBXFileReference; lastKnownFileType = image.png; path = Cat.png; sourceTree = "<group>"; };
		6D8B75F6260E280500876EA8 /* Fish.png */ = {isa = PBXFileReference; lastKnownFileType = image.png; path = Fish.png; sourceTree = "<group>"; };
		6D8B75F9260E281100876EA8 /* Bird.png */ = {isa = PBXFileReference; lastKnownFileType = image.png; path = Bird.png; sourceTree = "<group>"; };
		6D8DE56D260BF37400C2DD2A /* Settings.storyboard */ = {isa = PBXFileReference; lastKnownFileType = file.storyboard; path = Settings.storyboard; sourceTree = "<group>"; };
		6DAA8B4E2623FB9300B55C88 /* Unknown.png */ = {isa = PBXFileReference; lastKnownFileType = image.png; path = Unknown.png; sourceTree = "<group>"; };
		6DAA8B512623FDA400B55C88 /* images.jpeg */ = {isa = PBXFileReference; lastKnownFileType = image.jpeg; path = images.jpeg; sourceTree = "<group>"; };
		6DAA8B542623FE0000B55C88 /* images-2.jpeg */ = {isa = PBXFileReference; lastKnownFileType = image.jpeg; path = "images-2.jpeg"; sourceTree = "<group>"; };
		6DAA8B572623FE2F00B55C88 /* images-3.jpeg */ = {isa = PBXFileReference; lastKnownFileType = image.jpeg; path = "images-3.jpeg"; sourceTree = "<group>"; };
		6DDAD2B226312BF000BCB8AB /* BiaKkx54T.png */ = {isa = PBXFileReference; lastKnownFileType = image.png; path = BiaKkx54T.png; sourceTree = "<group>"; };
		8662A2F82610F44200A45EA2 /* LocalViewController.swift */ = {isa = PBXFileReference; lastKnownFileType = sourcecode.swift; path = LocalViewController.swift; sourceTree = "<group>"; };
		8662A2FB2610F47100A45EA2 /* RecycleHistoryViewController.swift */ = {isa = PBXFileReference; lastKnownFileType = sourcecode.swift; path = RecycleHistoryViewController.swift; sourceTree = "<group>"; };
		866703D02620FD0E00D1DD24 /* PlacementGridViewController.swift */ = {isa = PBXFileReference; lastKnownFileType = sourcecode.swift; path = PlacementGridViewController.swift; sourceTree = "<group>"; };
		86B505892613E17D005513CD /* RecycleHistoryTableViewCell.swift */ = {isa = PBXFileReference; lastKnownFileType = sourcecode.swift; path = RecycleHistoryTableViewCell.swift; sourceTree = "<group>"; };
		86BB7A9426350D3B002679F1 /* RemoveItemViewController.swift */ = {isa = PBXFileReference; lastKnownFileType = sourcecode.swift; name = RemoveItemViewController.swift; path = "Will-It-Recycle/Storyboards/RemoveItemViewController.swift"; sourceTree = SOURCE_ROOT; };
		86EF1D8E260E44BE004D0BA9 /* Horse.png */ = {isa = PBXFileReference; lastKnownFileType = image.png; path = Horse.png; sourceTree = "<group>"; };
		C921224A2612B51C00F400B3 /* GameViewController.swift */ = {isa = PBXFileReference; fileEncoding = 4; lastKnownFileType = sourcecode.swift; path = GameViewController.swift; sourceTree = "<group>"; };
		C921224B2612B51C00F400B3 /* InventoryViewController.swift */ = {isa = PBXFileReference; fileEncoding = 4; lastKnownFileType = sourcecode.swift; path = InventoryViewController.swift; sourceTree = "<group>"; };
		C921224C2612B51C00F400B3 /* ManualEntryViewController.swift */ = {isa = PBXFileReference; fileEncoding = 4; lastKnownFileType = sourcecode.swift; path = ManualEntryViewController.swift; sourceTree = "<group>"; };
		C921224E2612B51D00F400B3 /* StoreViewController.swift */ = {isa = PBXFileReference; fileEncoding = 4; lastKnownFileType = sourcecode.swift; path = StoreViewController.swift; sourceTree = "<group>"; };
		C921225F2612E0F200F400B3 /* StoreTableViewCell.swift */ = {isa = PBXFileReference; lastKnownFileType = sourcecode.swift; path = StoreTableViewCell.swift; sourceTree = "<group>"; };
		C92122622613703D00F400B3 /* InventoryTableViewCell.swift */ = {isa = PBXFileReference; lastKnownFileType = sourcecode.swift; path = InventoryTableViewCell.swift; sourceTree = "<group>"; };
		C9E7CF09261E8C44002F389B /* Inventory.storyboard */ = {isa = PBXFileReference; fileEncoding = 4; lastKnownFileType = file.storyboard; path = Inventory.storyboard; sourceTree = "<group>"; };
		C9E7CF0C261E8C7B002F389B /* Store.storyboard */ = {isa = PBXFileReference; fileEncoding = 4; lastKnownFileType = file.storyboard; path = Store.storyboard; sourceTree = "<group>"; };
		DA6F76637CACBFBBBC2F7C63 /* Pods-Will-It-Recycle.debug.xcconfig */ = {isa = PBXFileReference; includeInIndex = 1; lastKnownFileType = text.xcconfig; name = "Pods-Will-It-Recycle.debug.xcconfig"; path = "Target Support Files/Pods-Will-It-Recycle/Pods-Will-It-Recycle.debug.xcconfig"; sourceTree = "<group>"; };
/* End PBXFileReference section */

/* Begin PBXFrameworksBuildPhase section */
		4282887225FABDD700E633D9 /* Frameworks */ = {
			isa = PBXFrameworksBuildPhase;
			buildActionMask = 2147483647;
			files = (
				8188043EA3113E27FDA1AE1E /* Pods_Will_It_Recycle.framework in Frameworks */,
			);
			runOnlyForDeploymentPostprocessing = 0;
		};
/* End PBXFrameworksBuildPhase section */

/* Begin PBXGroup section */
		30F9DEE4903A43377B4F26F8 /* Pods */ = {
			isa = PBXGroup;
			children = (
				DA6F76637CACBFBBBC2F7C63 /* Pods-Will-It-Recycle.debug.xcconfig */,
				68C8AF049FB5F205B15DA2F0 /* Pods-Will-It-Recycle.release.xcconfig */,
			);
			path = Pods;
			sourceTree = "<group>";
		};
		4282886C25FABDD700E633D9 = {
			isa = PBXGroup;
			children = (
				4282887725FABDD700E633D9 /* Will-It-Recycle */,
				4282887625FABDD700E633D9 /* Products */,
				30F9DEE4903A43377B4F26F8 /* Pods */,
				D8B23E2B693C37B510C2ACFA /* Frameworks */,
			);
			sourceTree = "<group>";
		};
		4282887625FABDD700E633D9 /* Products */ = {
			isa = PBXGroup;
			children = (
				4282887525FABDD700E633D9 /* Will-It-Recycle.app */,
			);
			name = Products;
			sourceTree = "<group>";
		};
		4282887725FABDD700E633D9 /* Will-It-Recycle */ = {
			isa = PBXGroup;
			children = (
				4236970E2606A628002E3FF9 /* GoogleService-Info.plist */,
				4282889325FAC10600E633D9 /* Storyboards */,
				4282887825FABDD700E633D9 /* AppDelegate.swift */,
				4282887A25FABDD700E633D9 /* SceneDelegate.swift */,
				42969C4226122C8D00CE60B2 /* Images */,
				4282888425FABDD800E633D9 /* Assets.xcassets */,
				4282888925FABDD800E633D9 /* Info.plist */,
				4282888125FABDD700E633D9 /* Will_It_Recycle.xcdatamodeld */,
				42969C4126122C6800CE60B2 /* ViewControllers */,
				C921225F2612E0F200F400B3 /* StoreTableViewCell.swift */,
				C92122622613703D00F400B3 /* InventoryTableViewCell.swift */,
				86B505892613E17D005513CD /* RecycleHistoryTableViewCell.swift */,
			);
			path = "Will-It-Recycle";
			sourceTree = "<group>";
		};
		4282889325FAC10600E633D9 /* Storyboards */ = {
			isa = PBXGroup;
			children = (
				4282888625FABDD800E633D9 /* LaunchScreen.storyboard */,
				4282887E25FABDD700E633D9 /* TabbedApp.storyboard */,
				4282889E25FAC20C00E633D9 /* Local.storyboard */,
				4282889B25FAC1F000E633D9 /* Game.storyboard */,
				C9E7CF0C261E8C7B002F389B /* Store.storyboard */,
				C9E7CF09261E8C44002F389B /* Inventory.storyboard */,
				4282889825FAC1DB00E633D9 /* Welcome.storyboard */,
				6D4E7F652611231700870213 /* Dashboard.storyboard */,
				6D8DE56D260BF37400C2DD2A /* Settings.storyboard */,
				4282889525FAC1C700E633D9 /* Recycle.storyboard */,
				4282889025FAC0BD00E633D9 /* Main.storyboard */,
			);
			path = Storyboards;
			sourceTree = "<group>";
		};
		42969C4126122C6800CE60B2 /* ViewControllers */ = {
			isa = PBXGroup;
			children = (
				86BB7A9426350D3B002679F1 /* RemoveItemViewController.swift */,
				C921224C2612B51C00F400B3 /* ManualEntryViewController.swift */,
				C921224A2612B51C00F400B3 /* GameViewController.swift */,
				C921224B2612B51C00F400B3 /* InventoryViewController.swift */,
				C921224E2612B51D00F400B3 /* StoreViewController.swift */,
				6D297F17260AE6450037DC52 /* WelcomeViewController.swift */,
				6D42F03E260E54230016446B /* DashboardViewController.swift */,
				6D297F1A260AE6550037DC52 /* SettingsViewController.swift */,
				4282887C25FABDD700E633D9 /* TabbedAppViewController.swift */,
				8662A2FB2610F47100A45EA2 /* RecycleHistoryViewController.swift */,
				8662A2F82610F44200A45EA2 /* LocalViewController.swift */,
				42DB208E2604287200CFBDAF /* LoginViewController.swift */,
				866703D02620FD0E00D1DD24 /* PlacementGridViewController.swift */,
			);
			path = ViewControllers;
			sourceTree = "<group>";
		};
		42969C4226122C8D00CE60B2 /* Images */ = {
			isa = PBXGroup;
			children = (
				6DAA8B4E2623FB9300B55C88 /* Unknown.png */,
				6DAA8B512623FDA400B55C88 /* images.jpeg */,
				6D20D36B262A761F000B17F7 /* 1024px-Kawaii_earth_clipart.svg.png */,
				42732E3F26129F9200AC4463 /* CreativeReuseImg.jpg */,
				6DAA8B572623FE2F00B55C88 /* images-3.jpeg */,
				6DDAD2B226312BF000BCB8AB /* BiaKkx54T.png */,
				6DAA8B542623FE0000B55C88 /* images-2.jpeg */,
				42732E4026129F9200AC4463 /* HowToRecycleImg.jpg */,
				42732E3E26129F9200AC4463 /* LocationIcon.png */,
				42732E4126129F9200AC4463 /* RecycleDropOffImg.png */,
				86EF1D8E260E44BE004D0BA9 /* Horse.png */,
				42AA5BEC26053A3100BA02AE /* Vector.png */,
				6D8B75F3260E27F700876EA8 /* Cat.png */,
				6D8B75ED260E27D200876EA8 /* Dog.png */,
				6D8B75EA260E27C200876EA8 /* Dragon.png */,
				6D8B75E7260E27BC00876EA8 /* Hippo.png */,
				6D8B75F6260E280500876EA8 /* Fish.png */,
				6D8B75F9260E281100876EA8 /* Bird.png */,
				6D8B75E1260E278F00876EA8 /* Frog.png */,
				6D8B75F0260E27E200876EA8 /* Ellipse 1.png */,
			);
			path = Images;
			sourceTree = "<group>";
		};
		D8B23E2B693C37B510C2ACFA /* Frameworks */ = {
			isa = PBXGroup;
			children = (
				53FAD6D3C69A519F7E4CE289 /* Pods_Will_It_Recycle.framework */,
			);
			name = Frameworks;
			sourceTree = "<group>";
		};
/* End PBXGroup section */

/* Begin PBXNativeTarget section */
		4282887425FABDD700E633D9 /* Will-It-Recycle */ = {
			isa = PBXNativeTarget;
			buildConfigurationList = 4282888C25FABDD800E633D9 /* Build configuration list for PBXNativeTarget "Will-It-Recycle" */;
			buildPhases = (
				3FF7B465C215B1985021C3AA /* [CP] Check Pods Manifest.lock */,
				4282887125FABDD700E633D9 /* Sources */,
				4282887225FABDD700E633D9 /* Frameworks */,
				4282887325FABDD700E633D9 /* Resources */,
				85D13AC9E0C24AC687F1DFC0 /* [CP] Embed Pods Frameworks */,
				83C5E5CCBD71AB5660E26220 /* [CP] Copy Pods Resources */,
			);
			buildRules = (
			);
			dependencies = (
			);
			name = "Will-It-Recycle";
			productName = "Will-It-Recycle";
			productReference = 4282887525FABDD700E633D9 /* Will-It-Recycle.app */;
			productType = "com.apple.product-type.application";
		};
/* End PBXNativeTarget section */

/* Begin PBXProject section */
		4282886D25FABDD700E633D9 /* Project object */ = {
			isa = PBXProject;
			attributes = {
				LastSwiftUpdateCheck = 1240;
				LastUpgradeCheck = 1240;
				TargetAttributes = {
					4282887425FABDD700E633D9 = {
						CreatedOnToolsVersion = 12.4;
					};
				};
			};
			buildConfigurationList = 4282887025FABDD700E633D9 /* Build configuration list for PBXProject "Will-It-Recycle" */;
			compatibilityVersion = "Xcode 9.3";
			developmentRegion = en;
			hasScannedForEncodings = 0;
			knownRegions = (
				en,
				Base,
			);
			mainGroup = 4282886C25FABDD700E633D9;
			productRefGroup = 4282887625FABDD700E633D9 /* Products */;
			projectDirPath = "";
			projectRoot = "";
			targets = (
				4282887425FABDD700E633D9 /* Will-It-Recycle */,
			);
		};
/* End PBXProject section */

/* Begin PBXResourcesBuildPhase section */
		4282887325FABDD700E633D9 /* Resources */ = {
			isa = PBXResourcesBuildPhase;
			buildActionMask = 2147483647;
			files = (
				4282889F25FAC20C00E633D9 /* Local.storyboard in Resources */,
				4282888825FABDD800E633D9 /* LaunchScreen.storyboard in Resources */,
				42AA5BED26053A3100BA02AE /* Vector.png in Resources */,
				6DDAD2B326312BF000BCB8AB /* BiaKkx54T.png in Resources */,
				C9E7CF0A261E8C44002F389B /* Inventory.storyboard in Resources */,
				6DAA8B552623FE0000B55C88 /* images-2.jpeg in Resources */,
				4282889125FAC0BD00E633D9 /* Main.storyboard in Resources */,
				6D8B75EE260E27D200876EA8 /* Dog.png in Resources */,
				C9E7CF0D261E8C7B002F389B /* Store.storyboard in Resources */,
				6D8B75F1260E27E200876EA8 /* Ellipse 1.png in Resources */,
				4282889C25FAC1F000E633D9 /* Game.storyboard in Resources */,
				42732E4426129F9200AC4463 /* HowToRecycleImg.jpg in Resources */,
				6DAA8B4F2623FB9300B55C88 /* Unknown.png in Resources */,
				6D8B75E8260E27BC00876EA8 /* Hippo.png in Resources */,
				4282888525FABDD800E633D9 /* Assets.xcassets in Resources */,
				42732E4226129F9200AC4463 /* LocationIcon.png in Resources */,
				42732E4326129F9200AC4463 /* CreativeReuseImg.jpg in Resources */,
				86EF1D8F260E44BE004D0BA9 /* Horse.png in Resources */,
				6D8B75F7260E280500876EA8 /* Fish.png in Resources */,
				6DAA8B582623FE2F00B55C88 /* images-3.jpeg in Resources */,
				4282889625FAC1C700E633D9 /* Recycle.storyboard in Resources */,
				6D8B75FA260E281100876EA8 /* Bird.png in Resources */,
				4236970F2606A628002E3FF9 /* GoogleService-Info.plist in Resources */,
				6D8B75F4260E27F700876EA8 /* Cat.png in Resources */,
				4282888025FABDD700E633D9 /* TabbedApp.storyboard in Resources */,
				6D8B75E2260E279000876EA8 /* Frog.png in Resources */,
				4282889925FAC1DB00E633D9 /* Welcome.storyboard in Resources */,
				6D8DE56E260BF37400C2DD2A /* Settings.storyboard in Resources */,
				6D4E7F662611231700870213 /* Dashboard.storyboard in Resources */,
				6DAA8B522623FDA500B55C88 /* images.jpeg in Resources */,
				42732E4526129F9300AC4463 /* RecycleDropOffImg.png in Resources */,
				6D8B75EB260E27C200876EA8 /* Dragon.png in Resources */,
				6D20D36C262A761F000B17F7 /* 1024px-Kawaii_earth_clipart.svg.png in Resources */,
			);
			runOnlyForDeploymentPostprocessing = 0;
		};
/* End PBXResourcesBuildPhase section */

/* Begin PBXShellScriptBuildPhase section */
		3FF7B465C215B1985021C3AA /* [CP] Check Pods Manifest.lock */ = {
			isa = PBXShellScriptBuildPhase;
			buildActionMask = 2147483647;
			files = (
			);
			inputFileListPaths = (
			);
			inputPaths = (
				"${PODS_PODFILE_DIR_PATH}/Podfile.lock",
				"${PODS_ROOT}/Manifest.lock",
			);
			name = "[CP] Check Pods Manifest.lock";
			outputFileListPaths = (
			);
			outputPaths = (
				"$(DERIVED_FILE_DIR)/Pods-Will-It-Recycle-checkManifestLockResult.txt",
			);
			runOnlyForDeploymentPostprocessing = 0;
			shellPath = /bin/sh;
			shellScript = "diff \"${PODS_PODFILE_DIR_PATH}/Podfile.lock\" \"${PODS_ROOT}/Manifest.lock\" > /dev/null\nif [ $? != 0 ] ; then\n    # print error to STDERR\n    echo \"error: The sandbox is not in sync with the Podfile.lock. Run 'pod install' or update your CocoaPods installation.\" >&2\n    exit 1\nfi\n# This output is used by Xcode 'outputs' to avoid re-running this script phase.\necho \"SUCCESS\" > \"${SCRIPT_OUTPUT_FILE_0}\"\n";
			showEnvVarsInLog = 0;
		};
		83C5E5CCBD71AB5660E26220 /* [CP] Copy Pods Resources */ = {
			isa = PBXShellScriptBuildPhase;
			buildActionMask = 2147483647;
			files = (
			);
			inputFileListPaths = (
				"${PODS_ROOT}/Target Support Files/Pods-Will-It-Recycle/Pods-Will-It-Recycle-resources-${CONFIGURATION}-input-files.xcfilelist",
			);
			name = "[CP] Copy Pods Resources";
			outputFileListPaths = (
				"${PODS_ROOT}/Target Support Files/Pods-Will-It-Recycle/Pods-Will-It-Recycle-resources-${CONFIGURATION}-output-files.xcfilelist",
			);
			runOnlyForDeploymentPostprocessing = 0;
			shellPath = /bin/sh;
			shellScript = "\"${PODS_ROOT}/Target Support Files/Pods-Will-It-Recycle/Pods-Will-It-Recycle-resources.sh\"\n";
			showEnvVarsInLog = 0;
		};
		85D13AC9E0C24AC687F1DFC0 /* [CP] Embed Pods Frameworks */ = {
			isa = PBXShellScriptBuildPhase;
			buildActionMask = 2147483647;
			files = (
			);
			inputFileListPaths = (
				"${PODS_ROOT}/Target Support Files/Pods-Will-It-Recycle/Pods-Will-It-Recycle-frameworks-${CONFIGURATION}-input-files.xcfilelist",
			);
			name = "[CP] Embed Pods Frameworks";
			outputFileListPaths = (
				"${PODS_ROOT}/Target Support Files/Pods-Will-It-Recycle/Pods-Will-It-Recycle-frameworks-${CONFIGURATION}-output-files.xcfilelist",
			);
			runOnlyForDeploymentPostprocessing = 0;
			shellPath = /bin/sh;
			shellScript = "\"${PODS_ROOT}/Target Support Files/Pods-Will-It-Recycle/Pods-Will-It-Recycle-frameworks.sh\"\n";
			showEnvVarsInLog = 0;
		};
/* End PBXShellScriptBuildPhase section */

/* Begin PBXSourcesBuildPhase section */
		4282887125FABDD700E633D9 /* Sources */ = {
			isa = PBXSourcesBuildPhase;
			buildActionMask = 2147483647;
			files = (
				4282887D25FABDD700E633D9 /* TabbedAppViewController.swift in Sources */,
				86BB7A9526350D3B002679F1 /* RemoveItemViewController.swift in Sources */,
				C92122502612B51D00F400B3 /* InventoryViewController.swift in Sources */,
				4282887925FABDD700E633D9 /* AppDelegate.swift in Sources */,
				6D297F1B260AE6550037DC52 /* SettingsViewController.swift in Sources */,
				4282888325FABDD700E633D9 /* Will_It_Recycle.xcdatamodeld in Sources */,
				6D297F18260AE6450037DC52 /* WelcomeViewController.swift in Sources */,
				866703D12620FD0E00D1DD24 /* PlacementGridViewController.swift in Sources */,
				C92122602612E0F200F400B3 /* StoreTableViewCell.swift in Sources */,
				C921224F2612B51D00F400B3 /* GameViewController.swift in Sources */,
				42DB208F2604287200CFBDAF /* LoginViewController.swift in Sources */,
				C92122632613703D00F400B3 /* InventoryTableViewCell.swift in Sources */,
				C92122512612B51D00F400B3 /* ManualEntryViewController.swift in Sources */,
				8662A2FC2610F47100A45EA2 /* RecycleHistoryViewController.swift in Sources */,
				8662A2F92610F44200A45EA2 /* LocalViewController.swift in Sources */,
				4282887B25FABDD700E633D9 /* SceneDelegate.swift in Sources */,
				86B5058A2613E17D005513CD /* RecycleHistoryTableViewCell.swift in Sources */,
				6D42F03F260E54230016446B /* DashboardViewController.swift in Sources */,
				C92122532612B51D00F400B3 /* StoreViewController.swift in Sources */,
			);
			runOnlyForDeploymentPostprocessing = 0;
		};
/* End PBXSourcesBuildPhase section */

/* Begin PBXVariantGroup section */
		4282887E25FABDD700E633D9 /* TabbedApp.storyboard */ = {
			isa = PBXVariantGroup;
			children = (
				4282887F25FABDD700E633D9 /* Base */,
			);
			name = TabbedApp.storyboard;
			sourceTree = "<group>";
		};
		4282888625FABDD800E633D9 /* LaunchScreen.storyboard */ = {
			isa = PBXVariantGroup;
			children = (
				4282888725FABDD800E633D9 /* Base */,
			);
			name = LaunchScreen.storyboard;
			sourceTree = "<group>";
		};
/* End PBXVariantGroup section */

/* Begin XCBuildConfiguration section */
		4282888A25FABDD800E633D9 /* Debug */ = {
			isa = XCBuildConfiguration;
			buildSettings = {
				ALWAYS_SEARCH_USER_PATHS = NO;
				CLANG_ANALYZER_NONNULL = YES;
				CLANG_ANALYZER_NUMBER_OBJECT_CONVERSION = YES_AGGRESSIVE;
				CLANG_CXX_LANGUAGE_STANDARD = "gnu++14";
				CLANG_CXX_LIBRARY = "libc++";
				CLANG_ENABLE_MODULES = YES;
				CLANG_ENABLE_OBJC_ARC = YES;
				CLANG_ENABLE_OBJC_WEAK = YES;
				CLANG_WARN_BLOCK_CAPTURE_AUTORELEASING = YES;
				CLANG_WARN_BOOL_CONVERSION = YES;
				CLANG_WARN_COMMA = YES;
				CLANG_WARN_CONSTANT_CONVERSION = YES;
				CLANG_WARN_DEPRECATED_OBJC_IMPLEMENTATIONS = YES;
				CLANG_WARN_DIRECT_OBJC_ISA_USAGE = YES_ERROR;
				CLANG_WARN_DOCUMENTATION_COMMENTS = YES;
				CLANG_WARN_EMPTY_BODY = YES;
				CLANG_WARN_ENUM_CONVERSION = YES;
				CLANG_WARN_INFINITE_RECURSION = YES;
				CLANG_WARN_INT_CONVERSION = YES;
				CLANG_WARN_NON_LITERAL_NULL_CONVERSION = YES;
				CLANG_WARN_OBJC_IMPLICIT_RETAIN_SELF = YES;
				CLANG_WARN_OBJC_LITERAL_CONVERSION = YES;
				CLANG_WARN_OBJC_ROOT_CLASS = YES_ERROR;
				CLANG_WARN_QUOTED_INCLUDE_IN_FRAMEWORK_HEADER = YES;
				CLANG_WARN_RANGE_LOOP_ANALYSIS = YES;
				CLANG_WARN_STRICT_PROTOTYPES = YES;
				CLANG_WARN_SUSPICIOUS_MOVE = YES;
				CLANG_WARN_UNGUARDED_AVAILABILITY = YES_AGGRESSIVE;
				CLANG_WARN_UNREACHABLE_CODE = YES;
				CLANG_WARN__DUPLICATE_METHOD_MATCH = YES;
				COPY_PHASE_STRIP = NO;
				DEBUG_INFORMATION_FORMAT = dwarf;
				ENABLE_STRICT_OBJC_MSGSEND = YES;
				ENABLE_TESTABILITY = YES;
				GCC_C_LANGUAGE_STANDARD = gnu11;
				GCC_DYNAMIC_NO_PIC = NO;
				GCC_NO_COMMON_BLOCKS = YES;
				GCC_OPTIMIZATION_LEVEL = 0;
				GCC_PREPROCESSOR_DEFINITIONS = (
					"DEBUG=1",
					"$(inherited)",
				);
				GCC_WARN_64_TO_32_BIT_CONVERSION = YES;
				GCC_WARN_ABOUT_RETURN_TYPE = YES_ERROR;
				GCC_WARN_UNDECLARED_SELECTOR = YES;
				GCC_WARN_UNINITIALIZED_AUTOS = YES_AGGRESSIVE;
				GCC_WARN_UNUSED_FUNCTION = YES;
				GCC_WARN_UNUSED_VARIABLE = YES;
				IPHONEOS_DEPLOYMENT_TARGET = 14.4;
				MTL_ENABLE_DEBUG_INFO = INCLUDE_SOURCE;
				MTL_FAST_MATH = YES;
				ONLY_ACTIVE_ARCH = YES;
				SDKROOT = iphoneos;
				SWIFT_ACTIVE_COMPILATION_CONDITIONS = DEBUG;
				SWIFT_OPTIMIZATION_LEVEL = "-Onone";
			};
			name = Debug;
		};
		4282888B25FABDD800E633D9 /* Release */ = {
			isa = XCBuildConfiguration;
			buildSettings = {
				ALWAYS_SEARCH_USER_PATHS = NO;
				CLANG_ANALYZER_NONNULL = YES;
				CLANG_ANALYZER_NUMBER_OBJECT_CONVERSION = YES_AGGRESSIVE;
				CLANG_CXX_LANGUAGE_STANDARD = "gnu++14";
				CLANG_CXX_LIBRARY = "libc++";
				CLANG_ENABLE_MODULES = YES;
				CLANG_ENABLE_OBJC_ARC = YES;
				CLANG_ENABLE_OBJC_WEAK = YES;
				CLANG_WARN_BLOCK_CAPTURE_AUTORELEASING = YES;
				CLANG_WARN_BOOL_CONVERSION = YES;
				CLANG_WARN_COMMA = YES;
				CLANG_WARN_CONSTANT_CONVERSION = YES;
				CLANG_WARN_DEPRECATED_OBJC_IMPLEMENTATIONS = YES;
				CLANG_WARN_DIRECT_OBJC_ISA_USAGE = YES_ERROR;
				CLANG_WARN_DOCUMENTATION_COMMENTS = YES;
				CLANG_WARN_EMPTY_BODY = YES;
				CLANG_WARN_ENUM_CONVERSION = YES;
				CLANG_WARN_INFINITE_RECURSION = YES;
				CLANG_WARN_INT_CONVERSION = YES;
				CLANG_WARN_NON_LITERAL_NULL_CONVERSION = YES;
				CLANG_WARN_OBJC_IMPLICIT_RETAIN_SELF = YES;
				CLANG_WARN_OBJC_LITERAL_CONVERSION = YES;
				CLANG_WARN_OBJC_ROOT_CLASS = YES_ERROR;
				CLANG_WARN_QUOTED_INCLUDE_IN_FRAMEWORK_HEADER = YES;
				CLANG_WARN_RANGE_LOOP_ANALYSIS = YES;
				CLANG_WARN_STRICT_PROTOTYPES = YES;
				CLANG_WARN_SUSPICIOUS_MOVE = YES;
				CLANG_WARN_UNGUARDED_AVAILABILITY = YES_AGGRESSIVE;
				CLANG_WARN_UNREACHABLE_CODE = YES;
				CLANG_WARN__DUPLICATE_METHOD_MATCH = YES;
				COPY_PHASE_STRIP = NO;
				DEBUG_INFORMATION_FORMAT = "dwarf-with-dsym";
				ENABLE_NS_ASSERTIONS = NO;
				ENABLE_STRICT_OBJC_MSGSEND = YES;
				GCC_C_LANGUAGE_STANDARD = gnu11;
				GCC_NO_COMMON_BLOCKS = YES;
				GCC_WARN_64_TO_32_BIT_CONVERSION = YES;
				GCC_WARN_ABOUT_RETURN_TYPE = YES_ERROR;
				GCC_WARN_UNDECLARED_SELECTOR = YES;
				GCC_WARN_UNINITIALIZED_AUTOS = YES_AGGRESSIVE;
				GCC_WARN_UNUSED_FUNCTION = YES;
				GCC_WARN_UNUSED_VARIABLE = YES;
				IPHONEOS_DEPLOYMENT_TARGET = 14.4;
				MTL_ENABLE_DEBUG_INFO = NO;
				MTL_FAST_MATH = YES;
				SDKROOT = iphoneos;
				SWIFT_COMPILATION_MODE = wholemodule;
				SWIFT_OPTIMIZATION_LEVEL = "-O";
				VALIDATE_PRODUCT = YES;
			};
			name = Release;
		};
		4282888D25FABDD800E633D9 /* Debug */ = {
			isa = XCBuildConfiguration;
			baseConfigurationReference = DA6F76637CACBFBBBC2F7C63 /* Pods-Will-It-Recycle.debug.xcconfig */;
			buildSettings = {
				ASSETCATALOG_COMPILER_APPICON_NAME = AppIcon;
				ASSETCATALOG_COMPILER_GLOBAL_ACCENT_COLOR_NAME = AccentColor;
				CODE_SIGN_STYLE = Automatic;
				DEVELOPMENT_TEAM = 6K2S78C227;
				"EXCLUDED_ARCHS[sdk=iphonesimulator*]" = arm64;
				INFOPLIST_FILE = "Will-It-Recycle/Info.plist";
				LD_RUNPATH_SEARCH_PATHS = (
					"$(inherited)",
					"@executable_path/Frameworks",
				);
				PRODUCT_BUNDLE_IDENTIFIER = "team10.Will-It-Recycle";
				PRODUCT_NAME = "$(TARGET_NAME)";
				SWIFT_VERSION = 5.0;
				TARGETED_DEVICE_FAMILY = "1,2";
			};
			name = Debug;
		};
		4282888E25FABDD800E633D9 /* Release */ = {
			isa = XCBuildConfiguration;
			baseConfigurationReference = 68C8AF049FB5F205B15DA2F0 /* Pods-Will-It-Recycle.release.xcconfig */;
			buildSettings = {
				ASSETCATALOG_COMPILER_APPICON_NAME = AppIcon;
				ASSETCATALOG_COMPILER_GLOBAL_ACCENT_COLOR_NAME = AccentColor;
				CODE_SIGN_STYLE = Automatic;
				DEVELOPMENT_TEAM = 6K2S78C227;
				INFOPLIST_FILE = "Will-It-Recycle/Info.plist";
				LD_RUNPATH_SEARCH_PATHS = (
					"$(inherited)",
					"@executable_path/Frameworks",
				);
				PRODUCT_BUNDLE_IDENTIFIER = "team10.Will-It-Recycle";
				PRODUCT_NAME = "$(TARGET_NAME)";
				SWIFT_VERSION = 5.0;
				TARGETED_DEVICE_FAMILY = "1,2";
			};
			name = Release;
		};
/* End XCBuildConfiguration section */

/* Begin XCConfigurationList section */
		4282887025FABDD700E633D9 /* Build configuration list for PBXProject "Will-It-Recycle" */ = {
			isa = XCConfigurationList;
			buildConfigurations = (
				4282888A25FABDD800E633D9 /* Debug */,
				4282888B25FABDD800E633D9 /* Release */,
			);
			defaultConfigurationIsVisible = 0;
			defaultConfigurationName = Release;
		};
		4282888C25FABDD800E633D9 /* Build configuration list for PBXNativeTarget "Will-It-Recycle" */ = {
			isa = XCConfigurationList;
			buildConfigurations = (
				4282888D25FABDD800E633D9 /* Debug */,
				4282888E25FABDD800E633D9 /* Release */,
			);
			defaultConfigurationIsVisible = 0;
			defaultConfigurationName = Release;
		};
/* End XCConfigurationList section */

/* Begin XCVersionGroup section */
		4282888125FABDD700E633D9 /* Will_It_Recycle.xcdatamodeld */ = {
			isa = XCVersionGroup;
			children = (
				4282888225FABDD700E633D9 /* Will_It_Recycle.xcdatamodel */,
			);
			currentVersion = 4282888225FABDD700E633D9 /* Will_It_Recycle.xcdatamodel */;
			path = Will_It_Recycle.xcdatamodeld;
			sourceTree = "<group>";
			versionGroupType = wrapper.xcdatamodel;
		};
/* End XCVersionGroup section */
	};
	rootObject = 4282886D25FABDD700E633D9 /* Project object */;
}
